
Microsoft Visual Studio Solution File, Format Version 12.00
# Visual Studio 2013
VisualStudioVersion = 12.0.31101.0
MinimumVisualStudioVersion = 10.0.40219.1
Project("{FAE04EC0-301F-11D3-BF4B-00C04F79EFBC}") = "Bookie", "Bookie\Bookie.csproj", "{24117637-2FF3-4847-AB94-2B853A1D7951}"
EndProject
Project("{FAE04EC0-301F-11D3-BF4B-00C04F79EFBC}") = "Bookie.Common", "Bookie.Common\Bookie.Common.csproj", "{E2E98231-07DA-47D4-B41F-60F6C4B87DD6}"
EndProject
Project("{FAE04EC0-301F-11D3-BF4B-00C04F79EFBC}") = "Bookie.Core", "Bookie.Core\Bookie.Core.csproj", "{0347C352-BE7E-4C9C-B097-73DAD29A80B6}"
EndProject
Project("{FAE04EC0-301F-11D3-BF4B-00C04F79EFBC}") = "Bookie.Data", "Bookie.Data\Bookie.Data.csproj", "{DC36851C-C46B-44EA-A5D3-4318C387A683}"
EndProject
Project("{FAE04EC0-301F-11D3-BF4B-00C04F79EFBC}") = "MoonPdfLib", "MoonPdfLib\MoonPdfLib.csproj", "{E5C5A57C-E464-4402-AD62-D6119EA92A8D}"
EndProject
Project("{FAE04EC0-301F-11D3-BF4B-00C04F79EFBC}") = "Bookie.Reporting", "Bookie.Reporting\Bookie.Reporting.csproj", "{B2CA261A-F166-44E2-8131-F910FCEAC75A}"
EndProject
Project("{54435603-DBB4-11D2-8724-00A0C9A8B90C}") = "Setup", "Setup\Setup.vdproj", "{6F201227-0B1E-4776-9159-5556AAF3F37F}"
EndProject
Global
	GlobalSection(SolutionConfigurationPlatforms) = preSolution
		CD_ROM|Any CPU = CD_ROM|Any CPU
		CD_ROM|Mixed Platforms = CD_ROM|Mixed Platforms
		CD_ROM|x64 = CD_ROM|x64
		CD_ROM|x86 = CD_ROM|x86
		Debug|Any CPU = Debug|Any CPU
		Debug|Mixed Platforms = Debug|Mixed Platforms
		Debug|x64 = Debug|x64
		Debug|x86 = Debug|x86
		DVD-5|Any CPU = DVD-5|Any CPU
		DVD-5|Mixed Platforms = DVD-5|Mixed Platforms
		DVD-5|x64 = DVD-5|x64
		DVD-5|x86 = DVD-5|x86
		EmptyDatabase|Any CPU = EmptyDatabase|Any CPU
		EmptyDatabase|Mixed Platforms = EmptyDatabase|Mixed Platforms
		EmptyDatabase|x64 = EmptyDatabase|x64
		EmptyDatabase|x86 = EmptyDatabase|x86
		Release|Any CPU = Release|Any CPU
		Release|Mixed Platforms = Release|Mixed Platforms
		Release|x64 = Release|x64
		Release|x86 = Release|x86
		SingleImage|Any CPU = SingleImage|Any CPU
		SingleImage|Mixed Platforms = SingleImage|Mixed Platforms
		SingleImage|x64 = SingleImage|x64
		SingleImage|x86 = SingleImage|x86
	EndGlobalSection
	GlobalSection(ProjectConfigurationPlatforms) = postSolution
		{24117637-2FF3-4847-AB94-2B853A1D7951}.CD_ROM|Any CPU.ActiveCfg = Release|Any CPU
		{24117637-2FF3-4847-AB94-2B853A1D7951}.CD_ROM|Any CPU.Build.0 = Release|Any CPU
		{24117637-2FF3-4847-AB94-2B853A1D7951}.CD_ROM|Mixed Platforms.ActiveCfg = EmptyDatabase|Any CPU
		{24117637-2FF3-4847-AB94-2B853A1D7951}.CD_ROM|Mixed Platforms.Build.0 = EmptyDatabase|Any CPU
		{24117637-2FF3-4847-AB94-2B853A1D7951}.CD_ROM|x64.ActiveCfg = Release|Any CPU
		{24117637-2FF3-4847-AB94-2B853A1D7951}.CD_ROM|x86.ActiveCfg = Release|Any CPU
		{24117637-2FF3-4847-AB94-2B853A1D7951}.Debug|Any CPU.ActiveCfg = Debug|Any CPU
		{24117637-2FF3-4847-AB94-2B853A1D7951}.Debug|Any CPU.Build.0 = Debug|Any CPU
		{24117637-2FF3-4847-AB94-2B853A1D7951}.Debug|Mixed Platforms.ActiveCfg = Debug|Any CPU
		{24117637-2FF3-4847-AB94-2B853A1D7951}.Debug|Mixed Platforms.Build.0 = Debug|Any CPU
		{24117637-2FF3-4847-AB94-2B853A1D7951}.Debug|x64.ActiveCfg = Debug|Any CPU
		{24117637-2FF3-4847-AB94-2B853A1D7951}.Debug|x86.ActiveCfg = Debug|Any CPU
		{24117637-2FF3-4847-AB94-2B853A1D7951}.DVD-5|Any CPU.ActiveCfg = Debug|Any CPU
		{24117637-2FF3-4847-AB94-2B853A1D7951}.DVD-5|Any CPU.Build.0 = Debug|Any CPU
		{24117637-2FF3-4847-AB94-2B853A1D7951}.DVD-5|Mixed Platforms.ActiveCfg = Debug|Any CPU
		{24117637-2FF3-4847-AB94-2B853A1D7951}.DVD-5|Mixed Platforms.Build.0 = Debug|Any CPU
		{24117637-2FF3-4847-AB94-2B853A1D7951}.DVD-5|x64.ActiveCfg = Debug|Any CPU
		{24117637-2FF3-4847-AB94-2B853A1D7951}.DVD-5|x86.ActiveCfg = Debug|Any CPU
		{24117637-2FF3-4847-AB94-2B853A1D7951}.EmptyDatabase|Any CPU.ActiveCfg = EmptyDatabase|Any CPU
		{24117637-2FF3-4847-AB94-2B853A1D7951}.EmptyDatabase|Any CPU.Build.0 = EmptyDatabase|Any CPU
		{24117637-2FF3-4847-AB94-2B853A1D7951}.EmptyDatabase|Any CPU.Deploy.0 = EmptyDatabase|Any CPU
		{24117637-2FF3-4847-AB94-2B853A1D7951}.EmptyDatabase|Mixed Platforms.ActiveCfg = EmptyDatabase|Any CPU
		{24117637-2FF3-4847-AB94-2B853A1D7951}.EmptyDatabase|Mixed Platforms.Build.0 = EmptyDatabase|Any CPU
		{24117637-2FF3-4847-AB94-2B853A1D7951}.EmptyDatabase|x64.ActiveCfg = EmptyDatabase|Any CPU
		{24117637-2FF3-4847-AB94-2B853A1D7951}.EmptyDatabase|x86.ActiveCfg = EmptyDatabase|Any CPU
		{24117637-2FF3-4847-AB94-2B853A1D7951}.Release|Any CPU.ActiveCfg = Release|Any CPU
		{24117637-2FF3-4847-AB94-2B853A1D7951}.Release|Any CPU.Build.0 = Release|Any CPU
		{24117637-2FF3-4847-AB94-2B853A1D7951}.Release|Mixed Platforms.ActiveCfg = Release|Any CPU
		{24117637-2FF3-4847-AB94-2B853A1D7951}.Release|Mixed Platforms.Build.0 = Release|Any CPU
		{24117637-2FF3-4847-AB94-2B853A1D7951}.Release|x64.ActiveCfg = Release|Any CPU
		{24117637-2FF3-4847-AB94-2B853A1D7951}.Release|x86.ActiveCfg = Release|Any CPU
		{24117637-2FF3-4847-AB94-2B853A1D7951}.SingleImage|Any CPU.ActiveCfg = Release|Any CPU
		{24117637-2FF3-4847-AB94-2B853A1D7951}.SingleImage|Any CPU.Build.0 = Release|Any CPU
		{24117637-2FF3-4847-AB94-2B853A1D7951}.SingleImage|Mixed Platforms.ActiveCfg = EmptyDatabase|Any CPU
		{24117637-2FF3-4847-AB94-2B853A1D7951}.SingleImage|Mixed Platforms.Build.0 = EmptyDatabase|Any CPU
		{24117637-2FF3-4847-AB94-2B853A1D7951}.SingleImage|x64.ActiveCfg = Release|Any CPU
		{24117637-2FF3-4847-AB94-2B853A1D7951}.SingleImage|x86.ActiveCfg = Release|Any CPU
		{E2E98231-07DA-47D4-B41F-60F6C4B87DD6}.CD_ROM|Any CPU.ActiveCfg = Release|Any CPU
		{E2E98231-07DA-47D4-B41F-60F6C4B87DD6}.CD_ROM|Any CPU.Build.0 = Release|Any CPU
		{E2E98231-07DA-47D4-B41F-60F6C4B87DD6}.CD_ROM|Mixed Platforms.ActiveCfg = EmptyDatabase|Any CPU
		{E2E98231-07DA-47D4-B41F-60F6C4B87DD6}.CD_ROM|Mixed Platforms.Build.0 = EmptyDatabase|Any CPU
		{E2E98231-07DA-47D4-B41F-60F6C4B87DD6}.CD_ROM|x64.ActiveCfg = Release|Any CPU
		{E2E98231-07DA-47D4-B41F-60F6C4B87DD6}.CD_ROM|x86.ActiveCfg = Release|Any CPU
		{E2E98231-07DA-47D4-B41F-60F6C4B87DD6}.Debug|Any CPU.ActiveCfg = Debug|Any CPU
		{E2E98231-07DA-47D4-B41F-60F6C4B87DD6}.Debug|Any CPU.Build.0 = Debug|Any CPU
		{E2E98231-07DA-47D4-B41F-60F6C4B87DD6}.Debug|Mixed Platforms.ActiveCfg = Debug|Any CPU
		{E2E98231-07DA-47D4-B41F-60F6C4B87DD6}.Debug|Mixed Platforms.Build.0 = Debug|Any CPU
		{E2E98231-07DA-47D4-B41F-60F6C4B87DD6}.Debug|x64.ActiveCfg = Debug|Any CPU
		{E2E98231-07DA-47D4-B41F-60F6C4B87DD6}.Debug|x86.ActiveCfg = Debug|Any CPU
		{E2E98231-07DA-47D4-B41F-60F6C4B87DD6}.DVD-5|Any CPU.ActiveCfg = Debug|Any CPU
		{E2E98231-07DA-47D4-B41F-60F6C4B87DD6}.DVD-5|Any CPU.Build.0 = Debug|Any CPU
		{E2E98231-07DA-47D4-B41F-60F6C4B87DD6}.DVD-5|Mixed Platforms.ActiveCfg = Debug|Any CPU
		{E2E98231-07DA-47D4-B41F-60F6C4B87DD6}.DVD-5|Mixed Platforms.Build.0 = Debug|Any CPU
		{E2E98231-07DA-47D4-B41F-60F6C4B87DD6}.DVD-5|x64.ActiveCfg = Debug|Any CPU
		{E2E98231-07DA-47D4-B41F-60F6C4B87DD6}.DVD-5|x86.ActiveCfg = Debug|Any CPU
		{E2E98231-07DA-47D4-B41F-60F6C4B87DD6}.EmptyDatabase|Any CPU.ActiveCfg = EmptyDatabase|Any CPU
		{E2E98231-07DA-47D4-B41F-60F6C4B87DD6}.EmptyDatabase|Any CPU.Build.0 = EmptyDatabase|Any CPU
		{E2E98231-07DA-47D4-B41F-60F6C4B87DD6}.EmptyDatabase|Any CPU.Deploy.0 = EmptyDatabase|Any CPU
		{E2E98231-07DA-47D4-B41F-60F6C4B87DD6}.EmptyDatabase|Mixed Platforms.ActiveCfg = EmptyDatabase|Any CPU
		{E2E98231-07DA-47D4-B41F-60F6C4B87DD6}.EmptyDatabase|Mixed Platforms.Build.0 = EmptyDatabase|Any CPU
		{E2E98231-07DA-47D4-B41F-60F6C4B87DD6}.EmptyDatabase|x64.ActiveCfg = EmptyDatabase|Any CPU
		{E2E98231-07DA-47D4-B41F-60F6C4B87DD6}.EmptyDatabase|x86.ActiveCfg = EmptyDatabase|Any CPU
		{E2E98231-07DA-47D4-B41F-60F6C4B87DD6}.Release|Any CPU.ActiveCfg = Release|Any CPU
		{E2E98231-07DA-47D4-B41F-60F6C4B87DD6}.Release|Any CPU.Build.0 = Release|Any CPU
		{E2E98231-07DA-47D4-B41F-60F6C4B87DD6}.Release|Mixed Platforms.ActiveCfg = Release|Any CPU
		{E2E98231-07DA-47D4-B41F-60F6C4B87DD6}.Release|Mixed Platforms.Build.0 = Release|Any CPU
		{E2E98231-07DA-47D4-B41F-60F6C4B87DD6}.Release|x64.ActiveCfg = Release|Any CPU
		{E2E98231-07DA-47D4-B41F-60F6C4B87DD6}.Release|x86.ActiveCfg = Release|Any CPU
		{E2E98231-07DA-47D4-B41F-60F6C4B87DD6}.SingleImage|Any CPU.ActiveCfg = Release|Any CPU
		{E2E98231-07DA-47D4-B41F-60F6C4B87DD6}.SingleImage|Any CPU.Build.0 = Release|Any CPU
		{E2E98231-07DA-47D4-B41F-60F6C4B87DD6}.SingleImage|Mixed Platforms.ActiveCfg = EmptyDatabase|Any CPU
		{E2E98231-07DA-47D4-B41F-60F6C4B87DD6}.SingleImage|Mixed Platforms.Build.0 = EmptyDatabase|Any CPU
		{E2E98231-07DA-47D4-B41F-60F6C4B87DD6}.SingleImage|x64.ActiveCfg = Release|Any CPU
		{E2E98231-07DA-47D4-B41F-60F6C4B87DD6}.SingleImage|x86.ActiveCfg = Release|Any CPU
		{0347C352-BE7E-4C9C-B097-73DAD29A80B6}.CD_ROM|Any CPU.ActiveCfg = Release|Any CPU
		{0347C352-BE7E-4C9C-B097-73DAD29A80B6}.CD_ROM|Any CPU.Build.0 = Release|Any CPU
		{0347C352-BE7E-4C9C-B097-73DAD29A80B6}.CD_ROM|Mixed Platforms.ActiveCfg = EmptyDatabase|Any CPU
		{0347C352-BE7E-4C9C-B097-73DAD29A80B6}.CD_ROM|Mixed Platforms.Build.0 = EmptyDatabase|Any CPU
		{0347C352-BE7E-4C9C-B097-73DAD29A80B6}.CD_ROM|x64.ActiveCfg = Release|Any CPU
		{0347C352-BE7E-4C9C-B097-73DAD29A80B6}.CD_ROM|x86.ActiveCfg = Release|Any CPU
		{0347C352-BE7E-4C9C-B097-73DAD29A80B6}.Debug|Any CPU.ActiveCfg = Debug|Any CPU
		{0347C352-BE7E-4C9C-B097-73DAD29A80B6}.Debug|Any CPU.Build.0 = Debug|Any CPU
		{0347C352-BE7E-4C9C-B097-73DAD29A80B6}.Debug|Mixed Platforms.ActiveCfg = Debug|Any CPU
		{0347C352-BE7E-4C9C-B097-73DAD29A80B6}.Debug|Mixed Platforms.Build.0 = Debug|Any CPU
		{0347C352-BE7E-4C9C-B097-73DAD29A80B6}.Debug|x64.ActiveCfg = Debug|Any CPU
		{0347C352-BE7E-4C9C-B097-73DAD29A80B6}.Debug|x86.ActiveCfg = Debug|Any CPU
		{0347C352-BE7E-4C9C-B097-73DAD29A80B6}.DVD-5|Any CPU.ActiveCfg = Debug|Any CPU
		{0347C352-BE7E-4C9C-B097-73DAD29A80B6}.DVD-5|Any CPU.Build.0 = Debug|Any CPU
		{0347C352-BE7E-4C9C-B097-73DAD29A80B6}.DVD-5|Mixed Platforms.ActiveCfg = Debug|Any CPU
		{0347C352-BE7E-4C9C-B097-73DAD29A80B6}.DVD-5|Mixed Platforms.Build.0 = Debug|Any CPU
		{0347C352-BE7E-4C9C-B097-73DAD29A80B6}.DVD-5|x64.ActiveCfg = Debug|Any CPU
		{0347C352-BE7E-4C9C-B097-73DAD29A80B6}.DVD-5|x86.ActiveCfg = Debug|Any CPU
		{0347C352-BE7E-4C9C-B097-73DAD29A80B6}.EmptyDatabase|Any CPU.ActiveCfg = EmptyDatabase|Any CPU
		{0347C352-BE7E-4C9C-B097-73DAD29A80B6}.EmptyDatabase|Any CPU.Build.0 = EmptyDatabase|Any CPU
		{0347C352-BE7E-4C9C-B097-73DAD29A80B6}.EmptyDatabase|Mixed Platforms.ActiveCfg = EmptyDatabase|Any CPU
		{0347C352-BE7E-4C9C-B097-73DAD29A80B6}.EmptyDatabase|Mixed Platforms.Build.0 = EmptyDatabase|Any CPU
		{0347C352-BE7E-4C9C-B097-73DAD29A80B6}.EmptyDatabase|x64.ActiveCfg = EmptyDatabase|Any CPU
		{0347C352-BE7E-4C9C-B097-73DAD29A80B6}.EmptyDatabase|x86.ActiveCfg = EmptyDatabase|Any CPU
		{0347C352-BE7E-4C9C-B097-73DAD29A80B6}.Release|Any CPU.ActiveCfg = Release|Any CPU
		{0347C352-BE7E-4C9C-B097-73DAD29A80B6}.Release|Any CPU.Build.0 = Release|Any CPU
		{0347C352-BE7E-4C9C-B097-73DAD29A80B6}.Release|Mixed Platforms.ActiveCfg = Release|Any CPU
		{0347C352-BE7E-4C9C-B097-73DAD29A80B6}.Release|Mixed Platforms.Build.0 = Release|Any CPU
		{0347C352-BE7E-4C9C-B097-73DAD29A80B6}.Release|x64.ActiveCfg = Release|Any CPU
		{0347C352-BE7E-4C9C-B097-73DAD29A80B6}.Release|x86.ActiveCfg = Release|Any CPU
		{0347C352-BE7E-4C9C-B097-73DAD29A80B6}.SingleImage|Any CPU.ActiveCfg = Release|Any CPU
		{0347C352-BE7E-4C9C-B097-73DAD29A80B6}.SingleImage|Any CPU.Build.0 = Release|Any CPU
		{0347C352-BE7E-4C9C-B097-73DAD29A80B6}.SingleImage|Mixed Platforms.ActiveCfg = EmptyDatabase|Any CPU
		{0347C352-BE7E-4C9C-B097-73DAD29A80B6}.SingleImage|Mixed Platforms.Build.0 = EmptyDatabase|Any CPU
		{0347C352-BE7E-4C9C-B097-73DAD29A80B6}.SingleImage|x64.ActiveCfg = Release|Any CPU
		{0347C352-BE7E-4C9C-B097-73DAD29A80B6}.SingleImage|x86.ActiveCfg = Release|Any CPU
		{DC36851C-C46B-44EA-A5D3-4318C387A683}.CD_ROM|Any CPU.ActiveCfg = Release|Any CPU
		{DC36851C-C46B-44EA-A5D3-4318C387A683}.CD_ROM|Any CPU.Build.0 = Release|Any CPU
		{DC36851C-C46B-44EA-A5D3-4318C387A683}.CD_ROM|Mixed Platforms.ActiveCfg = EmptyDatabase|Any CPU
		{DC36851C-C46B-44EA-A5D3-4318C387A683}.CD_ROM|Mixed Platforms.Build.0 = EmptyDatabase|Any CPU
		{DC36851C-C46B-44EA-A5D3-4318C387A683}.CD_ROM|x64.ActiveCfg = Release|Any CPU
		{DC36851C-C46B-44EA-A5D3-4318C387A683}.CD_ROM|x86.ActiveCfg = Release|Any CPU
		{DC36851C-C46B-44EA-A5D3-4318C387A683}.Debug|Any CPU.ActiveCfg = Debug|Any CPU
		{DC36851C-C46B-44EA-A5D3-4318C387A683}.Debug|Any CPU.Build.0 = Debug|Any CPU
		{DC36851C-C46B-44EA-A5D3-4318C387A683}.Debug|Mixed Platforms.ActiveCfg = Debug|Any CPU
		{DC36851C-C46B-44EA-A5D3-4318C387A683}.Debug|Mixed Platforms.Build.0 = Debug|Any CPU
		{DC36851C-C46B-44EA-A5D3-4318C387A683}.Debug|x64.ActiveCfg = Debug|Any CPU
		{DC36851C-C46B-44EA-A5D3-4318C387A683}.Debug|x86.ActiveCfg = Debug|Any CPU
		{DC36851C-C46B-44EA-A5D3-4318C387A683}.DVD-5|Any CPU.ActiveCfg = Debug|Any CPU
		{DC36851C-C46B-44EA-A5D3-4318C387A683}.DVD-5|Any CPU.Build.0 = Debug|Any CPU
		{DC36851C-C46B-44EA-A5D3-4318C387A683}.DVD-5|Mixed Platforms.ActiveCfg = Debug|Any CPU
		{DC36851C-C46B-44EA-A5D3-4318C387A683}.DVD-5|Mixed Platforms.Build.0 = Debug|Any CPU
		{DC36851C-C46B-44EA-A5D3-4318C387A683}.DVD-5|x64.ActiveCfg = Debug|Any CPU
		{DC36851C-C46B-44EA-A5D3-4318C387A683}.DVD-5|x86.ActiveCfg = Debug|Any CPU
		{DC36851C-C46B-44EA-A5D3-4318C387A683}.EmptyDatabase|Any CPU.ActiveCfg = EmptyDatabase|Any CPU
		{DC36851C-C46B-44EA-A5D3-4318C387A683}.EmptyDatabase|Any CPU.Build.0 = EmptyDatabase|Any CPU
		{DC36851C-C46B-44EA-A5D3-4318C387A683}.EmptyDatabase|Mixed Platforms.ActiveCfg = EmptyDatabase|Any CPU
		{DC36851C-C46B-44EA-A5D3-4318C387A683}.EmptyDatabase|Mixed Platforms.Build.0 = EmptyDatabase|Any CPU
		{DC36851C-C46B-44EA-A5D3-4318C387A683}.EmptyDatabase|x64.ActiveCfg = EmptyDatabase|Any CPU
		{DC36851C-C46B-44EA-A5D3-4318C387A683}.EmptyDatabase|x86.ActiveCfg = EmptyDatabase|Any CPU
		{DC36851C-C46B-44EA-A5D3-4318C387A683}.Release|Any CPU.ActiveCfg = Release|Any CPU
		{DC36851C-C46B-44EA-A5D3-4318C387A683}.Release|Any CPU.Build.0 = Release|Any CPU
		{DC36851C-C46B-44EA-A5D3-4318C387A683}.Release|Mixed Platforms.ActiveCfg = Release|Any CPU
		{DC36851C-C46B-44EA-A5D3-4318C387A683}.Release|Mixed Platforms.Build.0 = Release|Any CPU
		{DC36851C-C46B-44EA-A5D3-4318C387A683}.Release|x64.ActiveCfg = Release|Any CPU
		{DC36851C-C46B-44EA-A5D3-4318C387A683}.Release|x86.ActiveCfg = Release|Any CPU
		{DC36851C-C46B-44EA-A5D3-4318C387A683}.SingleImage|Any CPU.ActiveCfg = Release|Any CPU
		{DC36851C-C46B-44EA-A5D3-4318C387A683}.SingleImage|Any CPU.Build.0 = Release|Any CPU
		{DC36851C-C46B-44EA-A5D3-4318C387A683}.SingleImage|Mixed Platforms.ActiveCfg = EmptyDatabase|Any CPU
		{DC36851C-C46B-44EA-A5D3-4318C387A683}.SingleImage|Mixed Platforms.Build.0 = EmptyDatabase|Any CPU
		{DC36851C-C46B-44EA-A5D3-4318C387A683}.SingleImage|x64.ActiveCfg = Release|Any CPU
		{DC36851C-C46B-44EA-A5D3-4318C387A683}.SingleImage|x86.ActiveCfg = Release|Any CPU
		{E5C5A57C-E464-4402-AD62-D6119EA92A8D}.CD_ROM|Any CPU.ActiveCfg = Release|Any CPU
		{E5C5A57C-E464-4402-AD62-D6119EA92A8D}.CD_ROM|Any CPU.Build.0 = Release|Any CPU
		{E5C5A57C-E464-4402-AD62-D6119EA92A8D}.CD_ROM|Mixed Platforms.ActiveCfg = EmptyDatabase|x86
		{E5C5A57C-E464-4402-AD62-D6119EA92A8D}.CD_ROM|Mixed Platforms.Build.0 = EmptyDatabase|x86
		{E5C5A57C-E464-4402-AD62-D6119EA92A8D}.CD_ROM|x64.ActiveCfg = Release|x64
		{E5C5A57C-E464-4402-AD62-D6119EA92A8D}.CD_ROM|x64.Build.0 = Release|x64
		{E5C5A57C-E464-4402-AD62-D6119EA92A8D}.CD_ROM|x86.ActiveCfg = Release|x86
		{E5C5A57C-E464-4402-AD62-D6119EA92A8D}.CD_ROM|x86.Build.0 = Release|x86
		{E5C5A57C-E464-4402-AD62-D6119EA92A8D}.Debug|Any CPU.ActiveCfg = Debug|Any CPU
		{E5C5A57C-E464-4402-AD62-D6119EA92A8D}.Debug|Any CPU.Build.0 = Debug|Any CPU
		{E5C5A57C-E464-4402-AD62-D6119EA92A8D}.Debug|Mixed Platforms.ActiveCfg = Debug|x86
		{E5C5A57C-E464-4402-AD62-D6119EA92A8D}.Debug|Mixed Platforms.Build.0 = Debug|x86
		{E5C5A57C-E464-4402-AD62-D6119EA92A8D}.Debug|x64.ActiveCfg = Debug|x64
		{E5C5A57C-E464-4402-AD62-D6119EA92A8D}.Debug|x64.Build.0 = Debug|x64
		{E5C5A57C-E464-4402-AD62-D6119EA92A8D}.Debug|x86.ActiveCfg = Debug|x86
		{E5C5A57C-E464-4402-AD62-D6119EA92A8D}.Debug|x86.Build.0 = Debug|x86
		{E5C5A57C-E464-4402-AD62-D6119EA92A8D}.DVD-5|Any CPU.ActiveCfg = Debug|Any CPU
		{E5C5A57C-E464-4402-AD62-D6119EA92A8D}.DVD-5|Any CPU.Build.0 = Debug|Any CPU
		{E5C5A57C-E464-4402-AD62-D6119EA92A8D}.DVD-5|Mixed Platforms.ActiveCfg = Debug|x86
		{E5C5A57C-E464-4402-AD62-D6119EA92A8D}.DVD-5|Mixed Platforms.Build.0 = Debug|x86
		{E5C5A57C-E464-4402-AD62-D6119EA92A8D}.DVD-5|x64.ActiveCfg = Debug|x64
		{E5C5A57C-E464-4402-AD62-D6119EA92A8D}.DVD-5|x64.Build.0 = Debug|x64
		{E5C5A57C-E464-4402-AD62-D6119EA92A8D}.DVD-5|x86.ActiveCfg = Debug|x86
		{E5C5A57C-E464-4402-AD62-D6119EA92A8D}.DVD-5|x86.Build.0 = Debug|x86
		{E5C5A57C-E464-4402-AD62-D6119EA92A8D}.EmptyDatabase|Any CPU.ActiveCfg = EmptyDatabase|Any CPU
		{E5C5A57C-E464-4402-AD62-D6119EA92A8D}.EmptyDatabase|Any CPU.Build.0 = EmptyDatabase|Any CPU
		{E5C5A57C-E464-4402-AD62-D6119EA92A8D}.EmptyDatabase|Mixed Platforms.ActiveCfg = EmptyDatabase|x86
		{E5C5A57C-E464-4402-AD62-D6119EA92A8D}.EmptyDatabase|Mixed Platforms.Build.0 = EmptyDatabase|x86
		{E5C5A57C-E464-4402-AD62-D6119EA92A8D}.EmptyDatabase|x64.ActiveCfg = EmptyDatabase|x64
		{E5C5A57C-E464-4402-AD62-D6119EA92A8D}.EmptyDatabase|x64.Build.0 = EmptyDatabase|x64
		{E5C5A57C-E464-4402-AD62-D6119EA92A8D}.EmptyDatabase|x86.ActiveCfg = EmptyDatabase|x86
		{E5C5A57C-E464-4402-AD62-D6119EA92A8D}.EmptyDatabase|x86.Build.0 = EmptyDatabase|x86
		{E5C5A57C-E464-4402-AD62-D6119EA92A8D}.Release|Any CPU.ActiveCfg = Release|Any CPU
		{E5C5A57C-E464-4402-AD62-D6119EA92A8D}.Release|Any CPU.Build.0 = Release|Any CPU
		{E5C5A57C-E464-4402-AD62-D6119EA92A8D}.Release|Mixed Platforms.ActiveCfg = Release|x86
		{E5C5A57C-E464-4402-AD62-D6119EA92A8D}.Release|Mixed Platforms.Build.0 = Release|x86
		{E5C5A57C-E464-4402-AD62-D6119EA92A8D}.Release|x64.ActiveCfg = Release|x64
		{E5C5A57C-E464-4402-AD62-D6119EA92A8D}.Release|x64.Build.0 = Release|x64
		{E5C5A57C-E464-4402-AD62-D6119EA92A8D}.Release|x86.ActiveCfg = Release|x86
		{E5C5A57C-E464-4402-AD62-D6119EA92A8D}.Release|x86.Build.0 = Release|x86
		{E5C5A57C-E464-4402-AD62-D6119EA92A8D}.SingleImage|Any CPU.ActiveCfg = Release|Any CPU
		{E5C5A57C-E464-4402-AD62-D6119EA92A8D}.SingleImage|Any CPU.Build.0 = Release|Any CPU
		{E5C5A57C-E464-4402-AD62-D6119EA92A8D}.SingleImage|Mixed Platforms.ActiveCfg = EmptyDatabase|x86
		{E5C5A57C-E464-4402-AD62-D6119EA92A8D}.SingleImage|Mixed Platforms.Build.0 = EmptyDatabase|x86
		{E5C5A57C-E464-4402-AD62-D6119EA92A8D}.SingleImage|x64.ActiveCfg = Release|x64
		{E5C5A57C-E464-4402-AD62-D6119EA92A8D}.SingleImage|x64.Build.0 = Release|x64
		{E5C5A57C-E464-4402-AD62-D6119EA92A8D}.SingleImage|x86.ActiveCfg = Release|x86
		{E5C5A57C-E464-4402-AD62-D6119EA92A8D}.SingleImage|x86.Build.0 = Release|x86
		{B2CA261A-F166-44E2-8131-F910FCEAC75A}.CD_ROM|Any CPU.ActiveCfg = Release|Any CPU
		{B2CA261A-F166-44E2-8131-F910FCEAC75A}.CD_ROM|Any CPU.Build.0 = Release|Any CPU
		{B2CA261A-F166-44E2-8131-F910FCEAC75A}.CD_ROM|Mixed Platforms.ActiveCfg = Debug|Any CPU
		{B2CA261A-F166-44E2-8131-F910FCEAC75A}.CD_ROM|Mixed Platforms.Build.0 = Debug|Any CPU
		{B2CA261A-F166-44E2-8131-F910FCEAC75A}.CD_ROM|x64.ActiveCfg = Release|Any CPU
		{B2CA261A-F166-44E2-8131-F910FCEAC75A}.CD_ROM|x86.ActiveCfg = Release|Any CPU
		{B2CA261A-F166-44E2-8131-F910FCEAC75A}.Debug|Any CPU.ActiveCfg = Debug|Any CPU
		{B2CA261A-F166-44E2-8131-F910FCEAC75A}.Debug|Any CPU.Build.0 = Debug|Any CPU
		{B2CA261A-F166-44E2-8131-F910FCEAC75A}.Debug|Mixed Platforms.ActiveCfg = Debug|Any CPU
		{B2CA261A-F166-44E2-8131-F910FCEAC75A}.Debug|Mixed Platforms.Build.0 = Debug|Any CPU
		{B2CA261A-F166-44E2-8131-F910FCEAC75A}.Debug|x64.ActiveCfg = Debug|Any CPU
		{B2CA261A-F166-44E2-8131-F910FCEAC75A}.Debug|x86.ActiveCfg = Debug|Any CPU
		{B2CA261A-F166-44E2-8131-F910FCEAC75A}.DVD-5|Any CPU.ActiveCfg = Debug|Any CPU
		{B2CA261A-F166-44E2-8131-F910FCEAC75A}.DVD-5|Any CPU.Build.0 = Debug|Any CPU
		{B2CA261A-F166-44E2-8131-F910FCEAC75A}.DVD-5|Mixed Platforms.ActiveCfg = Debug|Any CPU
		{B2CA261A-F166-44E2-8131-F910FCEAC75A}.DVD-5|Mixed Platforms.Build.0 = Debug|Any CPU
		{B2CA261A-F166-44E2-8131-F910FCEAC75A}.DVD-5|x64.ActiveCfg = Debug|Any CPU
		{B2CA261A-F166-44E2-8131-F910FCEAC75A}.DVD-5|x86.ActiveCfg = Debug|Any CPU
		{B2CA261A-F166-44E2-8131-F910FCEAC75A}.EmptyDatabase|Any CPU.ActiveCfg = Release|Any CPU
		{B2CA261A-F166-44E2-8131-F910FCEAC75A}.EmptyDatabase|Any CPU.Build.0 = Release|Any CPU
		{B2CA261A-F166-44E2-8131-F910FCEAC75A}.EmptyDatabase|Mixed Platforms.ActiveCfg = Debug|Any CPU
		{B2CA261A-F166-44E2-8131-F910FCEAC75A}.EmptyDatabase|Mixed Platforms.Build.0 = Debug|Any CPU
		{B2CA261A-F166-44E2-8131-F910FCEAC75A}.EmptyDatabase|x64.ActiveCfg = Release|Any CPU
		{B2CA261A-F166-44E2-8131-F910FCEAC75A}.EmptyDatabase|x86.ActiveCfg = Release|Any CPU
		{B2CA261A-F166-44E2-8131-F910FCEAC75A}.Release|Any CPU.ActiveCfg = Release|Any CPU
		{B2CA261A-F166-44E2-8131-F910FCEAC75A}.Release|Any CPU.Build.0 = Release|Any CPU
		{B2CA261A-F166-44E2-8131-F910FCEAC75A}.Release|Mixed Platforms.ActiveCfg = Release|Any CPU
		{B2CA261A-F166-44E2-8131-F910FCEAC75A}.Release|Mixed Platforms.Build.0 = Release|Any CPU
		{B2CA261A-F166-44E2-8131-F910FCEAC75A}.Release|x64.ActiveCfg = Release|Any CPU
		{B2CA261A-F166-44E2-8131-F910FCEAC75A}.Release|x86.ActiveCfg = Release|Any CPU
		{B2CA261A-F166-44E2-8131-F910FCEAC75A}.SingleImage|Any CPU.ActiveCfg = Release|Any CPU
		{B2CA261A-F166-44E2-8131-F910FCEAC75A}.SingleImage|Any CPU.Build.0 = Release|Any CPU
		{B2CA261A-F166-44E2-8131-F910FCEAC75A}.SingleImage|Mixed Platforms.ActiveCfg = Debug|Any CPU
		{B2CA261A-F166-44E2-8131-F910FCEAC75A}.SingleImage|Mixed Platforms.Build.0 = Debug|Any CPU
		{B2CA261A-F166-44E2-8131-F910FCEAC75A}.SingleImage|x64.ActiveCfg = Release|Any CPU
		{B2CA261A-F166-44E2-8131-F910FCEAC75A}.SingleImage|x86.ActiveCfg = Release|Any CPU
		{6F201227-0B1E-4776-9159-5556AAF3F37F}.CD_ROM|Any CPU.ActiveCfg = Release
		{6F201227-0B1E-4776-9159-5556AAF3F37F}.CD_ROM|Mixed Platforms.ActiveCfg = Release
		{6F201227-0B1E-4776-9159-5556AAF3F37F}.CD_ROM|x64.ActiveCfg = Release
		{6F201227-0B1E-4776-9159-5556AAF3F37F}.CD_ROM|x86.ActiveCfg = Release
		{6F201227-0B1E-4776-9159-5556AAF3F37F}.Debug|Any CPU.ActiveCfg = Debug
		{6F201227-0B1E-4776-9159-5556AAF3F37F}.Debug|Mixed Platforms.ActiveCfg = Debug
		{6F201227-0B1E-4776-9159-5556AAF3F37F}.Debug|x64.ActiveCfg = Debug
		{6F201227-0B1E-4776-9159-5556AAF3F37F}.Debug|x86.ActiveCfg = Debug
		{6F201227-0B1E-4776-9159-5556AAF3F37F}.DVD-5|Any CPU.ActiveCfg = Debug
		{6F201227-0B1E-4776-9159-5556AAF3F37F}.DVD-5|Mixed Platforms.ActiveCfg = Debug
		{6F201227-0B1E-4776-9159-5556AAF3F37F}.DVD-5|x64.ActiveCfg = Debug
		{6F201227-0B1E-4776-9159-5556AAF3F37F}.DVD-5|x86.ActiveCfg = Debug
		{6F201227-0B1E-4776-9159-5556AAF3F37F}.EmptyDatabase|Any CPU.ActiveCfg = Release
		{6F201227-0B1E-4776-9159-5556AAF3F37F}.EmptyDatabase|Mixed Platforms.ActiveCfg = Release
		{6F201227-0B1E-4776-9159-5556AAF3F37F}.EmptyDatabase|x64.ActiveCfg = Release
		{6F201227-0B1E-4776-9159-5556AAF3F37F}.EmptyDatabase|x86.ActiveCfg = Release
		{6F201227-0B1E-4776-9159-5556AAF3F37F}.Release|Any CPU.ActiveCfg = Release
		{6F201227-0B1E-4776-9159-5556AAF3F37F}.Release|Mixed Platforms.ActiveCfg = Release
		{6F201227-0B1E-4776-9159-5556AAF3F37F}.Release|x64.ActiveCfg = Release
		{6F201227-0B1E-4776-9159-5556AAF3F37F}.Release|x86.ActiveCfg = Release
		{6F201227-0B1E-4776-9159-5556AAF3F37F}.SingleImage|Any CPU.ActiveCfg = Release
		{6F201227-0B1E-4776-9159-5556AAF3F37F}.SingleImage|Mixed Platforms.ActiveCfg = Release
		{6F201227-0B1E-4776-9159-5556AAF3F37F}.SingleImage|x64.ActiveCfg = Release
		{6F201227-0B1E-4776-9159-5556AAF3F37F}.SingleImage|x86.ActiveCfg = Release
	EndGlobalSection
	GlobalSection(SolutionProperties) = preSolution
		HideSolutionNode = FALSE
	EndGlobalSection
EndGlobal
